
Microsoft Visual Studio Solution File, Format Version 12.00
# Visual Studio Version 17
VisualStudioVersion = 17.3.32825.248
MinimumVisualStudioVersion = 10.0.40219.1
Project("{FAE04EC0-301F-11D3-BF4B-00C04F79EFBC}") = "AppointmentScheduling", "AppointmentScheduling\AppointmentScheduling.csproj", "{31369173-0AAD-4683-B2EF-4887678294A4}"
EndProject
Global
	GlobalSection(SolutionConfigurationPlatforms) = preSolution
		Debug|Any CPU = Debug|Any CPU
		Release|Any CPU = Release|Any CPU
	EndGlobalSection
	GlobalSection(ProjectConfigurationPlatforms) = postSolution
		{31369173-0AAD-4683-B2EF-4887678294A4}.Debug|Any CPU.ActiveCfg = Debug|Any CPU
		{31369173-0AAD-4683-B2EF-4887678294A4}.Debug|Any CPU.Build.0 = Debug|Any CPU
		{31369173-0AAD-4683-B2EF-4887678294A4}.Release|Any CPU.ActiveCfg = Release|Any CPU
		{31369173-0AAD-4683-B2EF-4887678294A4}.Release|Any CPU.Build.0 = Release|Any CPU
	EndGlobalSection
	GlobalSection(SolutionProperties) = preSolution
		HideSolutionNode = FALSE
	EndGlobalSection
	GlobalSection(ExtensibilityGlobals) = postSolution
		SolutionGuid = {64F683A7-3353-4E4C-8315-FEB71E93DBA4}
	EndGlobalSection
EndGlobal
